
Microsoft Visual Studio Solution File, Format Version 12.00
# Visual Studio 15
VisualStudioVersion = 15.0.27703.2035
MinimumVisualStudioVersion = 10.0.40219.1
Project("{FAE04EC0-301F-11D3-BF4B-00C04F79EFBC}") = "NaboUI", "NaboUI\NaboUI.csproj", "{60B66C4C-16B5-450D-9B85-404A336B4D1A}"
EndProject
Global
	GlobalSection(SolutionConfigurationPlatforms) = preSolution
		Debug|Any CPU = Debug|Any CPU
		Release|Any CPU = Release|Any CPU
	EndGlobalSection
	GlobalSection(ProjectConfigurationPlatforms) = postSolution
		{60B66C4C-16B5-450D-9B85-404A336B4D1A}.Debug|Any CPU.ActiveCfg = Debug|Any CPU
		{60B66C4C-16B5-450D-9B85-404A336B4D1A}.Debug|Any CPU.Build.0 = Debug|Any CPU
		{60B66C4C-16B5-450D-9B85-404A336B4D1A}.Release|Any CPU.ActiveCfg = Release|Any CPU
		{60B66C4C-16B5-450D-9B85-404A336B4D1A}.Release|Any CPU.Build.0 = Release|Any CPU
	EndGlobalSection
	GlobalSection(SolutionProperties) = preSolution
		HideSolutionNode = FALSE
	EndGlobalSection
	GlobalSection(ExtensibilityGlobals) = postSolution
		SolutionGuid = {5BAF9B85-A894-4695-9FC5-B01816EDBB6C}
	EndGlobalSection
EndGlobal
